
Microsoft Visual Studio Solution File, Format Version 12.00
# Visual Studio Version 16
VisualStudioVersion = 16.0.29311.281
MinimumVisualStudioVersion = 10.0.40219.1
Project("{9A19103F-16F7-4668-BE54-9A1E7A4F7556}") = "AsyncPack", "AsyncPack\AsyncPack.csproj", "{C30A5F0C-4967-4204-93CD-579BB9108A2D}"
EndProject
Project("{9A19103F-16F7-4668-BE54-9A1E7A4F7556}") = "AsyncPack.Test", "..\Test\AsyncPack.Test\AsyncPack.Test.csproj", "{BA4F7776-2210-499C-8584-18D358B392D9}"
EndProject
Global
	GlobalSection(SolutionConfigurationPlatforms) = preSolution
		Debug|Any CPU = Debug|Any CPU
		Release|Any CPU = Release|Any CPU
	EndGlobalSection
	GlobalSection(ProjectConfigurationPlatforms) = postSolution
		{C30A5F0C-4967-4204-93CD-579BB9108A2D}.Debug|Any CPU.ActiveCfg = Debug|Any CPU
		{C30A5F0C-4967-4204-93CD-579BB9108A2D}.Debug|Any CPU.Build.0 = Debug|Any CPU
		{C30A5F0C-4967-4204-93CD-579BB9108A2D}.Release|Any CPU.ActiveCfg = Release|Any CPU
		{C30A5F0C-4967-4204-93CD-579BB9108A2D}.Release|Any CPU.Build.0 = Release|Any CPU
		{BA4F7776-2210-499C-8584-18D358B392D9}.Debug|Any CPU.ActiveCfg = Debug|Any CPU
		{BA4F7776-2210-499C-8584-18D358B392D9}.Debug|Any CPU.Build.0 = Debug|Any CPU
		{BA4F7776-2210-499C-8584-18D358B392D9}.Release|Any CPU.ActiveCfg = Release|Any CPU
		{BA4F7776-2210-499C-8584-18D358B392D9}.Release|Any CPU.Build.0 = Release|Any CPU
	EndGlobalSection
	GlobalSection(SolutionProperties) = preSolution
		HideSolutionNode = FALSE
	EndGlobalSection
	GlobalSection(ExtensibilityGlobals) = postSolution
		SolutionGuid = {B3C1E0F1-CA47-4746-9F0A-0A30565A4959}
	EndGlobalSection
EndGlobal
